
Microsoft Visual Studio Solution File, Format Version 12.00
# Visual Studio Version 16
VisualStudioVersion = 16.0.28711.60
MinimumVisualStudioVersion = 10.0.40219.1
Project("{FAE04EC0-301F-11D3-BF4B-00C04F79EFBC}") = "Vega", "Vega\Vega.csproj", "{33DD1DD3-EB19-42E8-BC3B-F28F5CA5F88D}"
EndProject
Global
	GlobalSection(SolutionConfigurationPlatforms) = preSolution
		Debug|Any CPU = Debug|Any CPU
		Release|Any CPU = Release|Any CPU
	EndGlobalSection
	GlobalSection(ProjectConfigurationPlatforms) = postSolution
		{33DD1DD3-EB19-42E8-BC3B-F28F5CA5F88D}.Debug|Any CPU.ActiveCfg = Debug|Any CPU
		{33DD1DD3-EB19-42E8-BC3B-F28F5CA5F88D}.Debug|Any CPU.Build.0 = Debug|Any CPU
		{33DD1DD3-EB19-42E8-BC3B-F28F5CA5F88D}.Release|Any CPU.ActiveCfg = Release|Any CPU
		{33DD1DD3-EB19-42E8-BC3B-F28F5CA5F88D}.Release|Any CPU.Build.0 = Release|Any CPU
	EndGlobalSection
	GlobalSection(SolutionProperties) = preSolution
		HideSolutionNode = FALSE
	EndGlobalSection
	GlobalSection(ExtensibilityGlobals) = postSolution
		SolutionGuid = {77D3AB31-4316-4A92-A156-6C8133B32AE8}
	EndGlobalSection
EndGlobal
